
Microsoft Visual Studio Solution File, Format Version 12.00
# Visual Studio Version 17
VisualStudioVersion = 17.10.35013.160
MinimumVisualStudioVersion = 10.0.40219.1
Project("{FAE04EC0-301F-11D3-BF4B-00C04F79EFBC}") = "ProjectTaskProcessor", "ProjectTaskProcessor.csproj", "{2D40D581-E9E5-4CD8-883C-A2DCB0DCE04B}"
EndProject
Global
	GlobalSection(SolutionConfigurationPlatforms) = preSolution
		Debug|Any CPU = Debug|Any CPU
		Release|Any CPU = Release|Any CPU
	EndGlobalSection
	GlobalSection(ProjectConfigurationPlatforms) = postSolution
		{2D40D581-E9E5-4CD8-883C-A2DCB0DCE04B}.Debug|Any CPU.ActiveCfg = Debug|Any CPU
		{2D40D581-E9E5-4CD8-883C-A2DCB0DCE04B}.Debug|Any CPU.Build.0 = Debug|Any CPU
		{2D40D581-E9E5-4CD8-883C-A2DCB0DCE04B}.Release|Any CPU.ActiveCfg = Release|Any CPU
		{2D40D581-E9E5-4CD8-883C-A2DCB0DCE04B}.Release|Any CPU.Build.0 = Release|Any CPU
	EndGlobalSection
	GlobalSection(SolutionProperties) = preSolution
		HideSolutionNode = FALSE
	EndGlobalSection
	GlobalSection(ExtensibilityGlobals) = postSolution
		SolutionGuid = {37F241E7-E7AF-41B2-8EB3-F5FFAFCE59E9}
	EndGlobalSection
EndGlobal
